
Microsoft Visual Studio Solution File, Format Version 12.00
# Visual Studio Version 17
VisualStudioVersion = 17.4.33213.308
MinimumVisualStudioVersion = 10.0.40219.1
Project("{9A19103F-16F7-4668-BE54-9A1E7A4F7556}") = "InnoTask.Server", "InnoTask\Server\InnoTask.Server.csproj", "{97764410-1B18-4633-A550-8F284713A53B}"
EndProject
Project("{9A19103F-16F7-4668-BE54-9A1E7A4F7556}") = "InnoTask.Client", "InnoTask\Client\InnoTask.Client.csproj", "{171D1E36-8883-44E8-9A39-F104A899314A}"
EndProject
Project("{9A19103F-16F7-4668-BE54-9A1E7A4F7556}") = "InnoTask.Shared", "InnoTask\Shared\InnoTask.Shared.csproj", "{33832C45-5A6A-4047-B727-9DCF34202664}"
EndProject
Global
	GlobalSection(SolutionConfigurationPlatforms) = preSolution
		Debug|Any CPU = Debug|Any CPU
		Release|Any CPU = Release|Any CPU
	EndGlobalSection
	GlobalSection(ProjectConfigurationPlatforms) = postSolution
		{97764410-1B18-4633-A550-8F284713A53B}.Debug|Any CPU.ActiveCfg = Debug|Any CPU
		{97764410-1B18-4633-A550-8F284713A53B}.Debug|Any CPU.Build.0 = Debug|Any CPU
		{97764410-1B18-4633-A550-8F284713A53B}.Release|Any CPU.ActiveCfg = Release|Any CPU
		{97764410-1B18-4633-A550-8F284713A53B}.Release|Any CPU.Build.0 = Release|Any CPU
		{171D1E36-8883-44E8-9A39-F104A899314A}.Debug|Any CPU.ActiveCfg = Debug|Any CPU
		{171D1E36-8883-44E8-9A39-F104A899314A}.Debug|Any CPU.Build.0 = Debug|Any CPU
		{171D1E36-8883-44E8-9A39-F104A899314A}.Release|Any CPU.ActiveCfg = Release|Any CPU
		{171D1E36-8883-44E8-9A39-F104A899314A}.Release|Any CPU.Build.0 = Release|Any CPU
		{33832C45-5A6A-4047-B727-9DCF34202664}.Debug|Any CPU.ActiveCfg = Debug|Any CPU
		{33832C45-5A6A-4047-B727-9DCF34202664}.Debug|Any CPU.Build.0 = Debug|Any CPU
		{33832C45-5A6A-4047-B727-9DCF34202664}.Release|Any CPU.ActiveCfg = Release|Any CPU
		{33832C45-5A6A-4047-B727-9DCF34202664}.Release|Any CPU.Build.0 = Release|Any CPU
	EndGlobalSection
	GlobalSection(SolutionProperties) = preSolution
		HideSolutionNode = FALSE
	EndGlobalSection
	GlobalSection(ExtensibilityGlobals) = postSolution
		SolutionGuid = {4DEE445D-67DF-4B44-9E80-F4276A2AC1D7}
	EndGlobalSection
EndGlobal
